{
    "_readme": [
        "This file locks the dependencies of your project to a known state",
        "Read more about it at https://getcomposer.org/doc/01-basic-usage.md#installing-dependencies",
        "This file is @generated automatically"
    ],
    "content-hash": "22647c6350d4d00ebe6c6a5614a698d6",
    "packages": [
        {
            "name": "mindkomm/theme-lib-mix",
            "version": "1.1.0",
            "source": {
                "type": "git",
                "url": "https://github.com/mindkomm/theme-lib-mix.git",
                "reference": "75a235b260a87cc2c028044a350f07134c8cbb92"
            },
            "dist": {
                "type": "zip",
                "url": "https://api.github.com/repos/mindkomm/theme-lib-mix/zipball/75a235b260a87cc2c028044a350f07134c8cbb92",
                "reference": "75a235b260a87cc2c028044a350f07134c8cbb92",
                "shasum": ""
            },
            "require": {
                "php": ">=7.0.0"
            },
            "type": "library",
            "autoload": {
                "files": [
                    "mix.php"
                ]
            },
            "notification-url": "https://packagist.org/downloads/",
            "license": [
                "MIT"
            ],
            "authors": [
                {
                    "name": "Lukas Gaechter",
                    "email": "lukas.gaechter@mind.ch",
                    "homepage": "https://www.mind.ch"
                }
            ],
            "description": "Laravel Mix functions for WordPress projects",
            "support": {
                "issues": "https://github.com/mindkomm/theme-lib-mix/issues",
                "source": "https://github.com/mindkomm/theme-lib-mix/tree/1.1.0"
            },
            "time": "2019-02-08T18:43:17+00:00"
        }
    ],
    "packages-dev": [],
    "aliases": [],
    "minimum-stability": "stable",
    "stability-flags": [],
    "prefer-stable": false,
    "prefer-lowest": false,
    "platform": [],
    "platform-dev": [],
    "plugin-api-version": "2.0.0"
}
